
Microsoft Visual Studio Solution File, Format Version 12.00
# Visual Studio Version 17
VisualStudioVersion = 17.8.34330.188
MinimumVisualStudioVersion = 10.0.40219.1
Project("{8BC9CEB8-8B4A-11D0-8D11-00A0C91BC942}") = "SnakeGame", "SnakeGame\SnakeGame.vcxproj", "{601D1804-8D9B-446E-8292-20CC15EBD264}"
EndProject
Project("{54435603-DBB4-11D2-8724-00A0C9A8B90C}") = "SnakeGameSetup", "SnakeGameSetup\SnakeGameSetup.vdproj", "{E356F492-6EDB-403D-86D3-E91C534E1F48}"
EndProject
Global
	GlobalSection(SolutionConfigurationPlatforms) = preSolution
		Debug|x64 = Debug|x64
		Debug|x86 = Debug|x86
		Release|x64 = Release|x64
		Release|x86 = Release|x86
	EndGlobalSection
	GlobalSection(ProjectConfigurationPlatforms) = postSolution
		{601D1804-8D9B-446E-8292-20CC15EBD264}.Debug|x64.ActiveCfg = Debug|x64
		{601D1804-8D9B-446E-8292-20CC15EBD264}.Debug|x64.Build.0 = Debug|x64
		{601D1804-8D9B-446E-8292-20CC15EBD264}.Debug|x86.ActiveCfg = Debug|Win32
		{601D1804-8D9B-446E-8292-20CC15EBD264}.Debug|x86.Build.0 = Debug|Win32
		{601D1804-8D9B-446E-8292-20CC15EBD264}.Release|x64.ActiveCfg = Release|x64
		{601D1804-8D9B-446E-8292-20CC15EBD264}.Release|x64.Build.0 = Release|x64
		{601D1804-8D9B-446E-8292-20CC15EBD264}.Release|x86.ActiveCfg = Release|Win32
		{601D1804-8D9B-446E-8292-20CC15EBD264}.Release|x86.Build.0 = Release|Win32
		{E356F492-6EDB-403D-86D3-E91C534E1F48}.Debug|x64.ActiveCfg = Debug
		{E356F492-6EDB-403D-86D3-E91C534E1F48}.Debug|x86.ActiveCfg = Debug
		{E356F492-6EDB-403D-86D3-E91C534E1F48}.Release|x64.ActiveCfg = Release
		{E356F492-6EDB-403D-86D3-E91C534E1F48}.Release|x86.ActiveCfg = Release
	EndGlobalSection
	GlobalSection(SolutionProperties) = preSolution
		HideSolutionNode = FALSE
	EndGlobalSection
	GlobalSection(ExtensibilityGlobals) = postSolution
		SolutionGuid = {D4E5AEC4-8EC6-48FD-A76B-AFA095B79E4D}
	EndGlobalSection
EndGlobal
